// !$*UTF8*$!
{
	archiveVersion = 1;
	classes = {
	};
	objectVersion = 77;
	objects = {

/* Begin PBXBuildFile section */
		D44C12FF301358E400ADEF59 /* ReaderView.swift in Sources */ = {isa = PBXBuildFile; fileRef = D44C12F4301358E400ADEF59 /* ReaderView.swift */; };
		D44C1300301358E400ADEF59 /* LibraVaultApp.swift in Sources */ = {isa = PBXBuildFile; fileRef = D44C12F0301358E400ADEF59 /* LibraVaultApp.swift */; };
		D44C1301301358E400ADEF59 /* LibraryView.swift in Sources */ = {isa = PBXBuildFile; fileRef = D44C12F2301358E400ADEF59 /* LibraryView.swift */; };
		D44C1302301358E400ADEF59 /* AppState.swift in Sources */ = {isa = PBXBuildFile; fileRef = D44C12FC301358E400ADEF59 /* AppState.swift */; };
		D44C1303301358E400ADEF59 /* DomainBridge.swift in Sources */ = {isa = PBXBuildFile; fileRef = D44C12F9301358E400ADEF59 /* DomainBridge.swift */; };
		D44C1305301358E400ADEF59 /* SettingsView.swift in Sources */ = {isa = PBXBuildFile; fileRef = D44C12F6301358E400ADEF59 /* SettingsView.swift */; };
		3EB20AE1B2D5B88C9141A7D6 /* sherpa-onnx.xcframework in Frameworks */ = {isa = PBXBuildFile; fileRef = 945E5CC4541640FBA071A570 /* sherpa-onnx.xcframework */; };
		9C5DC8934A331DA73B76EB78 /* onnxruntime.xcframework in Frameworks */ = {isa = PBXBuildFile; fileRef = 932C151530C394F643023BEA /* onnxruntime.xcframework */; };
/* End PBXBuildFile section */

/* Begin PBXContainerItemProxy section */
		D44C12BC301355B600ADEF59 /* PBXContainerItemProxy */ = {
			isa = PBXContainerItemProxy;
			containerPortal = D44C12A3301355A900ADEF59 /* Project object */;
			proxyType = 1;
			remoteGlobalIDString = D44C12AA301355A900ADEF59;
			remoteInfo = LibraVault;
		};
		D44C12C6301355B600ADEF59 /* PBXContainerItemProxy */ = {
			isa = PBXContainerItemProxy;
			containerPortal = D44C12A3301355A900ADEF59 /* Project object */;
			proxyType = 1;
			remoteGlobalIDString = D44C12AA301355A900ADEF59;
			remoteInfo = LibraVault;
		};
/* End PBXContainerItemProxy section */

/* Begin PBXFileReference section */
		D44C12AB301355AA00ADEF59 /* LibraVault.app */ = {isa = PBXFileReference; explicitFileType = wrapper.application; includeInIndex = 0; path = LibraVault.app; sourceTree = BUILT_PRODUCTS_DIR; };
		D44C12BB301355B600ADEF59 /* LibraVaultTests.xctest */ = {isa = PBXFileReference; explicitFileType = wrapper.cfbundle; includeInIndex = 0; path = LibraVaultTests.xctest; sourceTree = BUILT_PRODUCTS_DIR; };
		D44C12C5301355B600ADEF59 /* LibraVaultUITests.xctest */ = {isa = PBXFileReference; explicitFileType = wrapper.cfbundle; includeInIndex = 0; path = LibraVaultUITests.xctest; sourceTree = BUILT_PRODUCTS_DIR; };
		D44C12F0301358E400ADEF59 /* LibraVaultApp.swift */ = {isa = PBXFileReference; lastKnownFileType = sourcecode.swift; path = LibraVaultApp.swift; sourceTree = "<group>"; };
		D44C12F2301358E400ADEF59 /* LibraryView.swift */ = {isa = PBXFileReference; lastKnownFileType = sourcecode.swift; path = LibraryView.swift; sourceTree = "<group>"; };
		D44C12F4301358E400ADEF59 /* ReaderView.swift */ = {isa = PBXFileReference; lastKnownFileType = sourcecode.swift; path = ReaderView.swift; sourceTree = "<group>"; };
		D44C12F6301358E400ADEF59 /* SettingsView.swift */ = {isa = PBXFileReference; lastKnownFileType = sourcecode.swift; path = SettingsView.swift; sourceTree = "<group>"; };
		D44C12F9301358E400ADEF59 /* DomainBridge.swift */ = {isa = PBXFileReference; lastKnownFileType = sourcecode.swift; path = DomainBridge.swift; sourceTree = "<group>"; };
		D44C12FC301358E400ADEF59 /* AppState.swift */ = {isa = PBXFileReference; lastKnownFileType = sourcecode.swift; path = AppState.swift; sourceTree = "<group>"; };
		945E5CC4541640FBA071A570 /* sherpa-onnx.xcframework */ = {isa = PBXFileReference; lastKnownFileType = wrapper.xcframework; name = "sherpa-onnx.xcframework"; path = "../../../third-party/sherpa-onnx/ios/sherpa-onnx.xcframework"; sourceTree = "<group>"; };
		932C151530C394F643023BEA /* onnxruntime.xcframework */ = {isa = PBXFileReference; lastKnownFileType = wrapper.xcframework; name = "onnxruntime.xcframework"; path = "../../../third-party/sherpa-onnx/ios/onnxruntime.xcframework"; sourceTree = "<group>"; };
/* End PBXFileReference section */

/* Begin PBXFileSystemSynchronizedBuildFileExceptionSet section */
		D44C14003013592700ADEF59 /* Exceptions for "LibraVault" folder in "LibraVault" target */ = {
			isa = PBXFileSystemSynchronizedBuildFileExceptionSet;
			membershipExceptions = (
				Info.plist,
			);
			target = D44C12AA301355A900ADEF59 /* LibraVault */;
		};
/* End PBXFileSystemSynchronizedBuildFileExceptionSet section */

/* Begin PBXFileSystemSynchronizedRootGroup section */
		D44C12AD301355AA00ADEF59 /* LibraVault */ = {
			isa = PBXFileSystemSynchronizedRootGroup;
			exceptions = (
				D44C14003013592700ADEF59 /* Exceptions for "LibraVault" folder in "LibraVault" target */,
			);
			path = LibraVault;
			sourceTree = "<group>";
		};
		D44C12BE301355B600ADEF59 /* LibraVaultTests */ = {
			isa = PBXFileSystemSynchronizedRootGroup;
			path = LibraVaultTests;
			sourceTree = "<group>";
		};
		D44C12C8301355B600ADEF59 /* LibraVaultUITests */ = {
			isa = PBXFileSystemSynchronizedRootGroup;
			path = LibraVaultUITests;
			sourceTree = "<group>";
		};
/* End PBXFileSystemSynchronizedRootGroup section */

/* Begin PBXFrameworksBuildPhase section */
		D44C12A8301355A900ADEF59 /* Frameworks */ = {
			isa = PBXFrameworksBuildPhase;
			buildActionMask = 2147483647;
			files = (
				3EB20AE1B2D5B88C9141A7D6 /* sherpa-onnx.xcframework in Frameworks */,
				9C5DC8934A331DA73B76EB78 /* onnxruntime.xcframework in Frameworks */,
			);
			runOnlyForDeploymentPostprocessing = 0;
		};
		D44C12B8301355B600ADEF59 /* Frameworks */ = {
			isa = PBXFrameworksBuildPhase;
			buildActionMask = 2147483647;
			files = (
			);
			runOnlyForDeploymentPostprocessing = 0;
		};
		D44C12C2301355B600ADEF59 /* Frameworks */ = {
			isa = PBXFrameworksBuildPhase;
			buildActionMask = 2147483647;
			files = (
			);
			runOnlyForDeploymentPostprocessing = 0;
		};
/* End PBXFrameworksBuildPhase section */

/* Begin PBXGroup section */
		D44C12A2301355A900ADEF59 = {
			isa = PBXGroup;
			children = (
				D44C12FE301358E400ADEF59 /* Sources */,
				D44C12AD301355AA00ADEF59 /* LibraVault */,
				D44C12BE301355B600ADEF59 /* LibraVaultTests */,
				D44C12C8301355B600ADEF59 /* LibraVaultUITests */,
				EF5475F23DE5ECEE0DA12CA7 /* Frameworks */,
				D44C12AC301355AA00ADEF59 /* Products */,
			);
			sourceTree = "<group>";
		};
		EF5475F23DE5ECEE0DA12CA7 /* Frameworks */ = {
			isa = PBXGroup;
			children = (
				945E5CC4541640FBA071A570 /* sherpa-onnx.xcframework */,
				932C151530C394F643023BEA /* onnxruntime.xcframework */,
			);
			name = Frameworks;
			sourceTree = "<group>";
		};
		D44C12AC301355AA00ADEF59 /* Products */ = {
			isa = PBXGroup;
			children = (
				D44C12AB301355AA00ADEF59 /* LibraVault.app */,
				D44C12BB301355B600ADEF59 /* LibraVaultTests.xctest */,
				D44C12C5301355B600ADEF59 /* LibraVaultUITests.xctest */,
			);
			name = Products;
			sourceTree = "<group>";
		};
		D44C12F1301358E400ADEF59 /* App */ = {
			isa = PBXGroup;
			children = (
				D44C12F0301358E400ADEF59 /* LibraVaultApp.swift */,
			);
			path = App;
			sourceTree = "<group>";
		};
		D44C12F3301358E400ADEF59 /* Library */ = {
			isa = PBXGroup;
			children = (
				D44C12F2301358E400ADEF59 /* LibraryView.swift */,
			);
			path = Library;
			sourceTree = "<group>";
		};
		D44C12F5301358E400ADEF59 /* Reader */ = {
			isa = PBXGroup;
			children = (
				D44C12F4301358E400ADEF59 /* ReaderView.swift */,
			);
			path = Reader;
			sourceTree = "<group>";
		};
		D44C12F7301358E400ADEF59 /* Settings */ = {
			isa = PBXGroup;
			children = (
				D44C12F6301358E400ADEF59 /* SettingsView.swift */,
			);
			path = Settings;
			sourceTree = "<group>";
		};
		D44C12F8301358E400ADEF59 /* Features */ = {
			isa = PBXGroup;
			children = (
				D44C12F3301358E400ADEF59 /* Library */,
				D44C12F5301358E400ADEF59 /* Reader */,
				D44C12F7301358E400ADEF59 /* Settings */,
			);
			path = Features;
			sourceTree = "<group>";
		};
		D44C12FB301358E400ADEF59 /* KmpInterop */ = {
			isa = PBXGroup;
			children = (
				D44C12F9301358E400ADEF59 /* DomainBridge.swift */,
			);
			path = KmpInterop;
			sourceTree = "<group>";
		};
		D44C12FD301358E400ADEF59 /* Models */ = {
			isa = PBXGroup;
			children = (
				D44C12FC301358E400ADEF59 /* AppState.swift */,
			);
			path = Models;
			sourceTree = "<group>";
		};
		D44C12FE301358E400ADEF59 /* Sources */ = {
			isa = PBXGroup;
			children = (
				D44C12F1301358E400ADEF59 /* App */,
				D44C12F8301358E400ADEF59 /* Features */,
				D44C12FB301358E400ADEF59 /* KmpInterop */,
				D44C12FD301358E400ADEF59 /* Models */,
			);
			name = Sources;
			path = LibraVault/Sources;
			sourceTree = "<group>";
		};
/* End PBXGroup section */

/* Begin PBXNativeTarget section */
		D44C12AA301355A900ADEF59 /* LibraVault */ = {
			isa = PBXNativeTarget;
			buildConfigurationList = D44C12CF301355B600ADEF59 /* Build configuration list for PBXNativeTarget "LibraVault" */;
			buildPhases = (
				D44C12A7301355A900ADEF59 /* Sources */,
				D44C12A8301355A900ADEF59 /* Frameworks */,
				D44C12A9301355A900ADEF59 /* Resources */,
			);
			buildRules = (
			);
			dependencies = (
			);
			fileSystemSynchronizedGroups = (
				D44C12AD301355AA00ADEF59 /* LibraVault */,
			);
			name = LibraVault;
			packageProductDependencies = (
				D44C15E805DA846A32C3BB81 /* ZIPFoundation */,
				34FF9CE9F404E45310FD174A /* Markdown */,
			);
			productName = LibraVault;
			productReference = D44C12AB301355AA00ADEF59 /* LibraVault.app */;
			productType = "com.apple.product-type.application";
		};
		D44C12BA301355B600ADEF59 /* LibraVaultTests */ = {
			isa = PBXNativeTarget;
			buildConfigurationList = D44C12D2301355B600ADEF59 /* Build configuration list for PBXNativeTarget "LibraVaultTests" */;
			buildPhases = (
				D44C12B7301355B600ADEF59 /* Sources */,
				D44C12B8301355B600ADEF59 /* Frameworks */,
				D44C12B9301355B600ADEF59 /* Resources */,
			);
			buildRules = (
			);
			dependencies = (
				D44C12BD301355B600ADEF59 /* PBXTargetDependency */,
			);
			fileSystemSynchronizedGroups = (
				D44C12BE301355B600ADEF59 /* LibraVaultTests */,
			);
			name = LibraVaultTests;
			packageProductDependencies = (
				D44C15A4C123B1612DD272D1 /* ZIPFoundation */,
				576F20146C70697F5098A60C /* Markdown */,
			);
			productName = LibraVaultTests;
			productReference = D44C12BB301355B600ADEF59 /* LibraVaultTests.xctest */;
			productType = "com.apple.product-type.bundle.unit-test";
		};
		D44C12C4301355B600ADEF59 /* LibraVaultUITests */ = {
			isa = PBXNativeTarget;
			buildConfigurationList = D44C12D5301355B600ADEF59 /* Build configuration list for PBXNativeTarget "LibraVaultUITests" */;
			buildPhases = (
				D44C12C1301355B600ADEF59 /* Sources */,
				D44C12C2301355B600ADEF59 /* Frameworks */,
				D44C12C3301355B600ADEF59 /* Resources */,
			);
			buildRules = (
			);
			dependencies = (
				D44C12C7301355B600ADEF59 /* PBXTargetDependency */,
			);
			fileSystemSynchronizedGroups = (
				D44C12C8301355B600ADEF59 /* LibraVaultUITests */,
			);
			name = LibraVaultUITests;
			packageProductDependencies = (
			);
			productName = LibraVaultUITests;
			productReference = D44C12C5301355B600ADEF59 /* LibraVaultUITests.xctest */;
			productType = "com.apple.product-type.bundle.ui-testing";
		};
/* End PBXNativeTarget section */

/* Begin PBXProject section */
		D44C12A3301355A900ADEF59 /* Project object */ = {
			isa = PBXProject;
			attributes = {
				BuildIndependentTargetsInParallel = 1;
				LastSwiftUpdateCheck = 1620;
				LastUpgradeCheck = 1620;
				TargetAttributes = {
					D44C12AA301355A900ADEF59 = {
						CreatedOnToolsVersion = 16.2;
					};
					D44C12BA301355B600ADEF59 = {
						CreatedOnToolsVersion = 16.2;
						TestTargetID = D44C12AA301355A900ADEF59;
					};
					D44C12C4301355B600ADEF59 = {
						CreatedOnToolsVersion = 16.2;
						TestTargetID = D44C12AA301355A900ADEF59;
					};
				};
			};
			buildConfigurationList = D44C12A6301355A900ADEF59 /* Build configuration list for PBXProject "LibraVault" */;
			developmentRegion = en;
			hasScannedForEncodings = 0;
			knownRegions = (
				en,
				Base,
			);
			mainGroup = D44C12A2301355A900ADEF59;
			minimizedProjectReferenceProxies = 1;
			packageReferences = (
				D44C1530877432D1026706D7 /* XCRemoteSwiftPackageReference "ZIPFoundation" */,
				EA50CEEF3EC2384A08541077 /* XCRemoteSwiftPackageReference "swift-markdown" */,
			);
			preferredProjectObjectVersion = 77;
			productRefGroup = D44C12AC301355AA00ADEF59 /* Products */;
			projectDirPath = "";
			projectRoot = "";
			targets = (
				D44C12AA301355A900ADEF59 /* LibraVault */,
				D44C12BA301355B600ADEF59 /* LibraVaultTests */,
				D44C12C4301355B600ADEF59 /* LibraVaultUITests */,
			);
		};
/* End PBXProject section */

/* Begin PBXResourcesBuildPhase section */
		D44C12A9301355A900ADEF59 /* Resources */ = {
			isa = PBXResourcesBuildPhase;
			buildActionMask = 2147483647;
			files = (
			);
			runOnlyForDeploymentPostprocessing = 0;
		};
		D44C12B9301355B600ADEF59 /* Resources */ = {
			isa = PBXResourcesBuildPhase;
			buildActionMask = 2147483647;
			files = (
			);
			runOnlyForDeploymentPostprocessing = 0;
		};
		D44C12C3301355B600ADEF59 /* Resources */ = {
			isa = PBXResourcesBuildPhase;
			buildActionMask = 2147483647;
			files = (
			);
			runOnlyForDeploymentPostprocessing = 0;
		};
/* End PBXResourcesBuildPhase section */

/* Begin PBXSourcesBuildPhase section */
		D44C12A7301355A900ADEF59 /* Sources */ = {
			isa = PBXSourcesBuildPhase;
			buildActionMask = 2147483647;
			files = (
				D44C12FF301358E400ADEF59 /* ReaderView.swift in Sources */,
				D44C1300301358E400ADEF59 /* LibraVaultApp.swift in Sources */,
				D44C1301301358E400ADEF59 /* LibraryView.swift in Sources */,
				D44C1302301358E400ADEF59 /* AppState.swift in Sources */,
				D44C1303301358E400ADEF59 /* DomainBridge.swift in Sources */,
				D44C1305301358E400ADEF59 /* SettingsView.swift in Sources */,
			);
			runOnlyForDeploymentPostprocessing = 0;
		};
		D44C12B7301355B600ADEF59 /* Sources */ = {
			isa = PBXSourcesBuildPhase;
			buildActionMask = 2147483647;
			files = (
			);
			runOnlyForDeploymentPostprocessing = 0;
		};
		D44C12C1301355B600ADEF59 /* Sources */ = {
			isa = PBXSourcesBuildPhase;
			buildActionMask = 2147483647;
			files = (
			);
			runOnlyForDeploymentPostprocessing = 0;
		};
/* End PBXSourcesBuildPhase section */

/* Begin PBXTargetDependency section */
		D44C12BD301355B600ADEF59 /* PBXTargetDependency */ = {
			isa = PBXTargetDependency;
			target = D44C12AA301355A900ADEF59 /* LibraVault */;
			targetProxy = D44C12BC301355B600ADEF59 /* PBXContainerItemProxy */;
		};
		D44C12C7301355B600ADEF59 /* PBXTargetDependency */ = {
			isa = PBXTargetDependency;
			target = D44C12AA301355A900ADEF59 /* LibraVault */;
			targetProxy = D44C12C6301355B600ADEF59 /* PBXContainerItemProxy */;
		};
/* End PBXTargetDependency section */

/* Begin XCBuildConfiguration section */
		D44C12CD301355B600ADEF59 /* Debug */ = {
			isa = XCBuildConfiguration;
			buildSettings = {
				ALWAYS_SEARCH_USER_PATHS = NO;
				ASSETCATALOG_COMPILER_GENERATE_SWIFT_ASSET_SYMBOL_EXTENSIONS = YES;
				CLANG_ANALYZER_NONNULL = YES;
				CLANG_ANALYZER_NUMBER_OBJECT_CONVERSION = YES_AGGRESSIVE;
				CLANG_CXX_LANGUAGE_STANDARD = "gnu++20";
				CLANG_ENABLE_MODULES = YES;
				CLANG_ENABLE_OBJC_ARC = YES;
				CLANG_ENABLE_OBJC_WEAK = YES;
				CLANG_WARN_BLOCK_CAPTURE_AUTORELEASING = YES;
				CLANG_WARN_BOOL_CONVERSION = YES;
				CLANG_WARN_COMMA = YES;
				CLANG_WARN_CONSTANT_CONVERSION = YES;
				CLANG_WARN_DEPRECATED_OBJC_IMPLEMENTATIONS = YES;
				CLANG_WARN_DIRECT_OBJC_ISA_USAGE = YES_ERROR;
				CLANG_WARN_DOCUMENTATION_COMMENTS = YES;
				CLANG_WARN_EMPTY_BODY = YES;
				CLANG_WARN_ENUM_CONVERSION = YES;
				CLANG_WARN_INFINITE_RECURSION = YES;
				CLANG_WARN_INT_CONVERSION = YES;
				CLANG_WARN_NON_LITERAL_NULL_CONVERSION = YES;
				CLANG_WARN_OBJC_IMPLICIT_RETAIN_SELF = YES;
				CLANG_WARN_OBJC_LITERAL_CONVERSION = YES;
				CLANG_WARN_OBJC_ROOT_CLASS = YES_ERROR;
				CLANG_WARN_QUOTED_INCLUDE_IN_FRAMEWORK_HEADER = YES;
				CLANG_WARN_RANGE_LOOP_ANALYSIS = YES;
				CLANG_WARN_STRICT_PROTOTYPES = YES;
				CLANG_WARN_SUSPICIOUS_MOVE = YES;
				CLANG_WARN_UNGUARDED_AVAILABILITY = YES_AGGRESSIVE;
				CLANG_WARN_UNREACHABLE_CODE = YES;
				CLANG_WARN__DUPLICATE_METHOD_MATCH = YES;
				COPY_PHASE_STRIP = NO;
				DEBUG_INFORMATION_FORMAT = dwarf;
				ENABLE_STRICT_OBJC_MSGSEND = YES;
				ENABLE_TESTABILITY = YES;
				ENABLE_USER_SCRIPT_SANDBOXING = YES;
				GCC_C_LANGUAGE_STANDARD = gnu17;
				GCC_DYNAMIC_NO_PIC = NO;
				GCC_NO_COMMON_BLOCKS = YES;
				GCC_OPTIMIZATION_LEVEL = 0;
				GCC_PREPROCESSOR_DEFINITIONS = (
					"DEBUG=1",
					"$(inherited)",
				);
				GCC_WARN_64_TO_32_BIT_CONVERSION = YES;
				GCC_WARN_ABOUT_RETURN_TYPE = YES_ERROR;
				GCC_WARN_UNDECLARED_SELECTOR = YES;
				GCC_WARN_UNINITIALIZED_AUTOS = YES_AGGRESSIVE;
				GCC_WARN_UNUSED_FUNCTION = YES;
				GCC_WARN_UNUSED_VARIABLE = YES;
				IPHONEOS_DEPLOYMENT_TARGET = 17.0;
				LOCALIZATION_PREFERS_STRING_CATALOGS = YES;
				MTL_ENABLE_DEBUG_INFO = INCLUDE_SOURCE;
				MTL_FAST_MATH = YES;
				ONLY_ACTIVE_ARCH = YES;
				SDKROOT = iphoneos;
				SWIFT_ACTIVE_COMPILATION_CONDITIONS = "DEBUG $(inherited)";
				SWIFT_OPTIMIZATION_LEVEL = "-Onone";
			};
			name = Debug;
		};
		D44C12CE301355B600ADEF59 /* Release */ = {
			isa = XCBuildConfiguration;
			buildSettings = {
				ALWAYS_SEARCH_USER_PATHS = NO;
				ASSETCATALOG_COMPILER_GENERATE_SWIFT_ASSET_SYMBOL_EXTENSIONS = YES;
				CLANG_ANALYZER_NONNULL = YES;
				CLANG_ANALYZER_NUMBER_OBJECT_CONVERSION = YES_AGGRESSIVE;
				CLANG_CXX_LANGUAGE_STANDARD = "gnu++20";
				CLANG_ENABLE_MODULES = YES;
				CLANG_ENABLE_OBJC_ARC = YES;
				CLANG_ENABLE_OBJC_WEAK = YES;
				CLANG_WARN_BLOCK_CAPTURE_AUTORELEASING = YES;
				CLANG_WARN_BOOL_CONVERSION = YES;
				CLANG_WARN_COMMA = YES;
				CLANG_WARN_CONSTANT_CONVERSION = YES;
				CLANG_WARN_DEPRECATED_OBJC_IMPLEMENTATIONS = YES;
				CLANG_WARN_DIRECT_OBJC_ISA_USAGE = YES_ERROR;
				CLANG_WARN_DOCUMENTATION_COMMENTS = YES;
				CLANG_WARN_EMPTY_BODY = YES;
				CLANG_WARN_ENUM_CONVERSION = YES;
				CLANG_WARN_INFINITE_RECURSION = YES;
				CLANG_WARN_INT_CONVERSION = YES;
				CLANG_WARN_NON_LITERAL_NULL_CONVERSION = YES;
				CLANG_WARN_OBJC_IMPLICIT_RETAIN_SELF = YES;
				CLANG_WARN_OBJC_LITERAL_CONVERSION = YES;
				CLANG_WARN_OBJC_ROOT_CLASS = YES_ERROR;
				CLANG_WARN_QUOTED_INCLUDE_IN_FRAMEWORK_HEADER = YES;
				CLANG_WARN_RANGE_LOOP_ANALYSIS = YES;
				CLANG_WARN_STRICT_PROTOTYPES = YES;
				CLANG_WARN_SUSPICIOUS_MOVE = YES;
				CLANG_WARN_UNGUARDED_AVAILABILITY = YES_AGGRESSIVE;
				CLANG_WARN_UNREACHABLE_CODE = YES;
				CLANG_WARN__DUPLICATE_METHOD_MATCH = YES;
				COPY_PHASE_STRIP = NO;
				DEBUG_INFORMATION_FORMAT = "dwarf-with-dsym";
				ENABLE_NS_ASSERTIONS = NO;
				ENABLE_STRICT_OBJC_MSGSEND = YES;
				ENABLE_USER_SCRIPT_SANDBOXING = YES;
				GCC_C_LANGUAGE_STANDARD = gnu17;
				GCC_NO_COMMON_BLOCKS = YES;
				GCC_WARN_64_TO_32_BIT_CONVERSION = YES;
				GCC_WARN_ABOUT_RETURN_TYPE = YES_ERROR;
				GCC_WARN_UNDECLARED_SELECTOR = YES;
				GCC_WARN_UNINITIALIZED_AUTOS = YES_AGGRESSIVE;
				GCC_WARN_UNUSED_FUNCTION = YES;
				GCC_WARN_UNUSED_VARIABLE = YES;
				IPHONEOS_DEPLOYMENT_TARGET = 17.0;
				LOCALIZATION_PREFERS_STRING_CATALOGS = YES;
				MTL_ENABLE_DEBUG_INFO = NO;
				MTL_FAST_MATH = YES;
				SDKROOT = iphoneos;
				SWIFT_COMPILATION_MODE = wholemodule;
				VALIDATE_PRODUCT = YES;
			};
			name = Release;
		};
		D44C12D0301355B600ADEF59 /* Debug */ = {
			isa = XCBuildConfiguration;
			buildSettings = {
				ASSETCATALOG_COMPILER_APPICON_NAME = AppIcon;
				ASSETCATALOG_COMPILER_GLOBAL_ACCENT_COLOR_NAME = AccentColor;
				CODE_SIGN_STYLE = Automatic;
				CURRENT_PROJECT_VERSION = 1;
				DEVELOPMENT_ASSET_PATHS = "\"LibraVault/Preview Content\"";
				DEVELOPMENT_TEAM = H74LNL8UCG;
				ENABLE_PREVIEWS = YES;
				GENERATE_INFOPLIST_FILE = YES;
				INFOPLIST_FILE = LibraVault/Info.plist;
				INFOPLIST_KEY_UIApplicationSceneManifest_Generation = YES;
				INFOPLIST_KEY_UIApplicationSupportsIndirectInputEvents = YES;
				INFOPLIST_KEY_UILaunchScreen_Generation = YES;
				INFOPLIST_KEY_UIRequiresFullScreen = YES;
				INFOPLIST_KEY_UISupportedInterfaceOrientations_iPad = UIInterfaceOrientationPortrait;
				INFOPLIST_KEY_UISupportedInterfaceOrientations_iPhone = UIInterfaceOrientationPortrait;
				LD_RUNPATH_SEARCH_PATHS = (
					"$(inherited)",
					"@executable_path/Frameworks",
				);
				MARKETING_VERSION = 1.0;
				OTHER_LDFLAGS = (
					"$(inherited)",
					"-lc++",
				);
				PRODUCT_BUNDLE_IDENTIFIER = xyz.libravault.ios;
				PRODUCT_NAME = "$(TARGET_NAME)";
				SWIFT_EMIT_LOC_STRINGS = YES;
				SWIFT_OBJC_BRIDGING_HEADER = "LibraVault/SherpaOnnx-Bridging-Header.h";
				SWIFT_VERSION = 5.0;
				TARGETED_DEVICE_FAMILY = "1,2";
			};
			name = Debug;
		};
		D44C12D1301355B600ADEF59 /* Release */ = {
			isa = XCBuildConfiguration;
			buildSettings = {
				ASSETCATALOG_COMPILER_APPICON_NAME = AppIcon;
				ASSETCATALOG_COMPILER_GLOBAL_ACCENT_COLOR_NAME = AccentColor;
				CODE_SIGN_IDENTITY = "Apple Development";
				"CODE_SIGN_IDENTITY[sdk=iphoneos*]" = "iPhone Distribution";
				CODE_SIGN_STYLE = Manual;
				CURRENT_PROJECT_VERSION = 1;
				DEVELOPMENT_ASSET_PATHS = "\"LibraVault/Preview Content\"";
				DEVELOPMENT_TEAM = "";
				"DEVELOPMENT_TEAM[sdk=iphoneos*]" = H74LNL8UCG;
				ENABLE_PREVIEWS = YES;
				GENERATE_INFOPLIST_FILE = YES;
				INFOPLIST_FILE = LibraVault/Info.plist;
				INFOPLIST_KEY_UIApplicationSceneManifest_Generation = YES;
				INFOPLIST_KEY_UIApplicationSupportsIndirectInputEvents = YES;
				INFOPLIST_KEY_UILaunchScreen_Generation = YES;
				INFOPLIST_KEY_UIRequiresFullScreen = YES;
				INFOPLIST_KEY_UISupportedInterfaceOrientations_iPad = UIInterfaceOrientationPortrait;
				INFOPLIST_KEY_UISupportedInterfaceOrientations_iPhone = UIInterfaceOrientationPortrait;
				LD_RUNPATH_SEARCH_PATHS = (
					"$(inherited)",
					"@executable_path/Frameworks",
				);
				MARKETING_VERSION = 1.0;
				OTHER_LDFLAGS = (
					"$(inherited)",
					"-lc++",
				);
				PRODUCT_BUNDLE_IDENTIFIER = xyz.libravault.ios;
				PRODUCT_NAME = "$(TARGET_NAME)";
				PROVISIONING_PROFILE_SPECIFIER = "";
				"PROVISIONING_PROFILE_SPECIFIER[sdk=iphoneos*]" = LibraVault;
				SWIFT_EMIT_LOC_STRINGS = YES;
				SWIFT_OBJC_BRIDGING_HEADER = "LibraVault/SherpaOnnx-Bridging-Header.h";
				SWIFT_VERSION = 5.0;
				TARGETED_DEVICE_FAMILY = "1,2";
			};
			name = Release;
		};
		D44C12D3301355B600ADEF59 /* Debug */ = {
			isa = XCBuildConfiguration;
			buildSettings = {
				BUNDLE_LOADER = "$(TEST_HOST)";
				CODE_SIGN_STYLE = Automatic;
				CURRENT_PROJECT_VERSION = 1;
				DEVELOPMENT_TEAM = H74LNL8UCG;
				GENERATE_INFOPLIST_FILE = YES;
				IPHONEOS_DEPLOYMENT_TARGET = 17.0;
				MARKETING_VERSION = 1.0;
				PRODUCT_BUNDLE_IDENTIFIER = xyz.libravault.LibraVaultTests;
				PRODUCT_NAME = "$(TARGET_NAME)";
				SWIFT_EMIT_LOC_STRINGS = NO;
				SWIFT_VERSION = 5.0;
				TARGETED_DEVICE_FAMILY = "1,2";
				TEST_HOST = "$(BUILT_PRODUCTS_DIR)/LibraVault.app/$(BUNDLE_EXECUTABLE_FOLDER_PATH)/LibraVault";
			};
			name = Debug;
		};
		D44C12D4301355B600ADEF59 /* Release */ = {
			isa = XCBuildConfiguration;
			buildSettings = {
				BUNDLE_LOADER = "$(TEST_HOST)";
				CODE_SIGN_STYLE = Automatic;
				CURRENT_PROJECT_VERSION = 1;
				DEVELOPMENT_TEAM = H74LNL8UCG;
				GENERATE_INFOPLIST_FILE = YES;
				IPHONEOS_DEPLOYMENT_TARGET = 17.0;
				MARKETING_VERSION = 1.0;
				PRODUCT_BUNDLE_IDENTIFIER = xyz.libravault.LibraVaultTests;
				PRODUCT_NAME = "$(TARGET_NAME)";
				SWIFT_EMIT_LOC_STRINGS = NO;
				SWIFT_VERSION = 5.0;
				TARGETED_DEVICE_FAMILY = "1,2";
				TEST_HOST = "$(BUILT_PRODUCTS_DIR)/LibraVault.app/$(BUNDLE_EXECUTABLE_FOLDER_PATH)/LibraVault";
			};
			name = Release;
		};
		D44C12D6301355B600ADEF59 /* Debug */ = {
			isa = XCBuildConfiguration;
			buildSettings = {
				CODE_SIGN_STYLE = Automatic;
				CURRENT_PROJECT_VERSION = 1;
				DEVELOPMENT_TEAM = H74LNL8UCG;
				GENERATE_INFOPLIST_FILE = YES;
				MARKETING_VERSION = 1.0;
				PRODUCT_BUNDLE_IDENTIFIER = xyz.libravault.LibraVaultUITests;
				PRODUCT_NAME = "$(TARGET_NAME)";
				SWIFT_EMIT_LOC_STRINGS = NO;
				SWIFT_VERSION = 5.0;
				TARGETED_DEVICE_FAMILY = "1,2";
				TEST_TARGET_NAME = LibraVault;
			};
			name = Debug;
		};
		D44C12D7301355B600ADEF59 /* Release */ = {
			isa = XCBuildConfiguration;
			buildSettings = {
				CODE_SIGN_STYLE = Automatic;
				CURRENT_PROJECT_VERSION = 1;
				DEVELOPMENT_TEAM = H74LNL8UCG;
				GENERATE_INFOPLIST_FILE = YES;
				MARKETING_VERSION = 1.0;
				PRODUCT_BUNDLE_IDENTIFIER = xyz.libravault.LibraVaultUITests;
				PRODUCT_NAME = "$(TARGET_NAME)";
				SWIFT_EMIT_LOC_STRINGS = NO;
				SWIFT_VERSION = 5.0;
				TARGETED_DEVICE_FAMILY = "1,2";
				TEST_TARGET_NAME = LibraVault;
			};
			name = Release;
		};
/* End XCBuildConfiguration section */

/* Begin XCConfigurationList section */
		D44C12A6301355A900ADEF59 /* Build configuration list for PBXProject "LibraVault" */ = {
			isa = XCConfigurationList;
			buildConfigurations = (
				D44C12CD301355B600ADEF59 /* Debug */,
				D44C12CE301355B600ADEF59 /* Release */,
			);
			defaultConfigurationIsVisible = 0;
			defaultConfigurationName = Release;
		};
		D44C12CF301355B600ADEF59 /* Build configuration list for PBXNativeTarget "LibraVault" */ = {
			isa = XCConfigurationList;
			buildConfigurations = (
				D44C12D0301355B600ADEF59 /* Debug */,
				D44C12D1301355B600ADEF59 /* Release */,
			);
			defaultConfigurationIsVisible = 0;
			defaultConfigurationName = Release;
		};
		D44C12D2301355B600ADEF59 /* Build configuration list for PBXNativeTarget "LibraVaultTests" */ = {
			isa = XCConfigurationList;
			buildConfigurations = (
				D44C12D3301355B600ADEF59 /* Debug */,
				D44C12D4301355B600ADEF59 /* Release */,
			);
			defaultConfigurationIsVisible = 0;
			defaultConfigurationName = Release;
		};
		D44C12D5301355B600ADEF59 /* Build configuration list for PBXNativeTarget "LibraVaultUITests" */ = {
			isa = XCConfigurationList;
			buildConfigurations = (
				D44C12D6301355B600ADEF59 /* Debug */,
				D44C12D7301355B600ADEF59 /* Release */,
			);
			defaultConfigurationIsVisible = 0;
			defaultConfigurationName = Release;
		};
/* End XCConfigurationList section */

/* Begin XCRemoteSwiftPackageReference section */
		D44C1530877432D1026706D7 /* XCRemoteSwiftPackageReference "ZIPFoundation" */ = {
			isa = XCRemoteSwiftPackageReference;
			repositoryURL = "https://github.com/weichsel/ZIPFoundation.git";
			requirement = {
				kind = upToNextMajorVersion;
				minimumVersion = 0.9.20;
			};
		};
		EA50CEEF3EC2384A08541077 /* XCRemoteSwiftPackageReference "swift-markdown" */ = {
			isa = XCRemoteSwiftPackageReference;
			repositoryURL = "https://github.com/swiftlang/swift-markdown.git";
			requirement = {
				kind = branch;
				branch = main;
			};
		};
/* End XCRemoteSwiftPackageReference section */

/* Begin XCSwiftPackageProductDependency section */
		D44C15E805DA846A32C3BB81 /* ZIPFoundation */ = {
			isa = XCSwiftPackageProductDependency;
			package = D44C1530877432D1026706D7 /* XCRemoteSwiftPackageReference "ZIPFoundation" */;
			productName = ZIPFoundation;
		};
		D44C15A4C123B1612DD272D1 /* ZIPFoundation */ = {
			isa = XCSwiftPackageProductDependency;
			package = D44C1530877432D1026706D7 /* XCRemoteSwiftPackageReference "ZIPFoundation" */;
			productName = ZIPFoundation;
		};
		34FF9CE9F404E45310FD174A /* Markdown */ = {
			isa = XCSwiftPackageProductDependency;
			package = EA50CEEF3EC2384A08541077 /* XCRemoteSwiftPackageReference "swift-markdown" */;
			productName = Markdown;
		};
		576F20146C70697F5098A60C /* Markdown */ = {
			isa = XCSwiftPackageProductDependency;
			package = EA50CEEF3EC2384A08541077 /* XCRemoteSwiftPackageReference "swift-markdown" */;
			productName = Markdown;
		};
/* End XCSwiftPackageProductDependency section */
	};
	rootObject = D44C12A3301355A900ADEF59 /* Project object */;
}
